// !$*UTF8*$!
{
	archiveVersion = 1;
	classes = {
	};
	objectVersion = 56;
	objects = {

/* Begin PBXBuildFile section */
		44DBF5602A50976400A71EE6 /* LittleLemonMetaCapstoneApp.swift in Sources */ = {isa = PBXBuildFile; fileRef = 44DBF55F2A50976400A71EE6 /* LittleLemonMetaCapstoneApp.swift */; };
		44DBF5622A50976400A71EE6 /* Onboarding.swift in Sources */ = {isa = PBXBuildFile; fileRef = 44DBF5612A50976400A71EE6 /* Onboarding.swift */; };
		44DBF5642A50976500A71EE6 /* Assets.xcassets in Resources */ = {isa = PBXBuildFile; fileRef = 44DBF5632A50976500A71EE6 /* Assets.xcassets */; };
		44DBF5672A50976500A71EE6 /* Preview Assets.xcassets in Resources */ = {isa = PBXBuildFile; fileRef = 44DBF5662A50976500A71EE6 /* Preview Assets.xcassets */; };
		44DBF5692A50976500A71EE6 /* Persistence.swift in Sources */ = {isa = PBXBuildFile; fileRef = 44DBF5682A50976500A71EE6 /* Persistence.swift */; };
		44DBF56C2A50976500A71EE6 /* LittleLemonMetaCapstone.xcdatamodeld in Sources */ = {isa = PBXBuildFile; fileRef = 44DBF56A2A50976500A71EE6 /* LittleLemonMetaCapstone.xcdatamodeld */; };
		44DBF5772A509CE100A71EE6 /* ViewModel.swift in Sources */ = {isa = PBXBuildFile; fileRef = 44DBF5762A509CE100A71EE6 /* ViewModel.swift */; };
		44DBF5792A509DA000A71EE6 /* Header.swift in Sources */ = {isa = PBXBuildFile; fileRef = 44DBF5782A509DA000A71EE6 /* Header.swift */; };
		44DBF57B2A509DB200A71EE6 /* Hero.swift in Sources */ = {isa = PBXBuildFile; fileRef = 44DBF57A2A509DB200A71EE6 /* Hero.swift */; };
		44DBF57D2A509DBA00A71EE6 /* Home.swift in Sources */ = {isa = PBXBuildFile; fileRef = 44DBF57C2A509DBA00A71EE6 /* Home.swift */; };
		44DBF5802A509DE700A71EE6 /* Styles.swift in Sources */ = {isa = PBXBuildFile; fileRef = 44DBF57F2A509DE700A71EE6 /* Styles.swift */; };
		44DBF5822A509E3800A71EE6 /* UserProfile.swift in Sources */ = {isa = PBXBuildFile; fileRef = 44DBF5812A509E3800A71EE6 /* UserProfile.swift */; };
		44DBF5842A509EE200A71EE6 /* Menu.swift in Sources */ = {isa = PBXBuildFile; fileRef = 44DBF5832A509EE200A71EE6 /* Menu.swift */; };
		44DBF5862A509FC600A71EE6 /* FetchedObject.swift in Sources */ = {isa = PBXBuildFile; fileRef = 44DBF5852A509FC600A71EE6 /* FetchedObject.swift */; };
		44DBF5882A50A00600A71EE6 /* FoodItem.swift in Sources */ = {isa = PBXBuildFile; fileRef = 44DBF5872A50A00600A71EE6 /* FoodItem.swift */; };
		44DBF58A2A50A04700A71EE6 /* DetailItem.swift in Sources */ = {isa = PBXBuildFile; fileRef = 44DBF5892A50A04700A71EE6 /* DetailItem.swift */; };
/* End PBXBuildFile section */

/* Begin PBXFileReference section */
		44DBF55C2A50976400A71EE6 /* LittleLemonMetaCapstone.app */ = {isa = PBXFileReference; explicitFileType = wrapper.application; includeInIndex = 0; path = LittleLemonMetaCapstone.app; sourceTree = BUILT_PRODUCTS_DIR; };
		44DBF55F2A50976400A71EE6 /* LittleLemonMetaCapstoneApp.swift */ = {isa = PBXFileReference; lastKnownFileType = sourcecode.swift; path = LittleLemonMetaCapstoneApp.swift; sourceTree = "<group>"; };
		44DBF5612A50976400A71EE6 /* Onboarding.swift */ = {isa = PBXFileReference; lastKnownFileType = sourcecode.swift; path = Onboarding.swift; sourceTree = "<group>"; };
		44DBF5632A50976500A71EE6 /* Assets.xcassets */ = {isa = PBXFileReference; lastKnownFileType = folder.assetcatalog; path = Assets.xcassets; sourceTree = "<group>"; };
		44DBF5662A50976500A71EE6 /* Preview Assets.xcassets */ = {isa = PBXFileReference; lastKnownFileType = folder.assetcatalog; path = "Preview Assets.xcassets"; sourceTree = "<group>"; };
		44DBF5682A50976500A71EE6 /* Persistence.swift */ = {isa = PBXFileReference; lastKnownFileType = sourcecode.swift; path = Persistence.swift; sourceTree = "<group>"; };
		44DBF56B2A50976500A71EE6 /* LittleLemonMetaCapstone.xcdatamodel */ = {isa = PBXFileReference; lastKnownFileType = wrapper.xcdatamodel; path = LittleLemonMetaCapstone.xcdatamodel; sourceTree = "<group>"; };
		44DBF5762A509CE100A71EE6 /* ViewModel.swift */ = {isa = PBXFileReference; lastKnownFileType = sourcecode.swift; path = ViewModel.swift; sourceTree = "<group>"; };
		44DBF5782A509DA000A71EE6 /* Header.swift */ = {isa = PBXFileReference; lastKnownFileType = sourcecode.swift; path = Header.swift; sourceTree = "<group>"; };
		44DBF57A2A509DB200A71EE6 /* Hero.swift */ = {isa = PBXFileReference; lastKnownFileType = sourcecode.swift; path = Hero.swift; sourceTree = "<group>"; };
		44DBF57C2A509DBA00A71EE6 /* Home.swift */ = {isa = PBXFileReference; lastKnownFileType = sourcecode.swift; path = Home.swift; sourceTree = "<group>"; };
		44DBF57F2A509DE700A71EE6 /* Styles.swift */ = {isa = PBXFileReference; lastKnownFileType = sourcecode.swift; path = Styles.swift; sourceTree = "<group>"; };
		44DBF5812A509E3800A71EE6 /* UserProfile.swift */ = {isa = PBXFileReference; lastKnownFileType = sourcecode.swift; path = UserProfile.swift; sourceTree = "<group>"; };
		44DBF5832A509EE200A71EE6 /* Menu.swift */ = {isa = PBXFileReference; lastKnownFileType = sourcecode.swift; path = Menu.swift; sourceTree = "<group>"; };
		44DBF5852A509FC600A71EE6 /* FetchedObject.swift */ = {isa = PBXFileReference; lastKnownFileType = sourcecode.swift; path = FetchedObject.swift; sourceTree = "<group>"; };
		44DBF5872A50A00600A71EE6 /* FoodItem.swift */ = {isa = PBXFileReference; lastKnownFileType = sourcecode.swift; path = FoodItem.swift; sourceTree = "<group>"; };
		44DBF5892A50A04700A71EE6 /* DetailItem.swift */ = {isa = PBXFileReference; lastKnownFileType = sourcecode.swift; path = DetailItem.swift; sourceTree = "<group>"; };
/* End PBXFileReference section */

/* Begin PBXFrameworksBuildPhase section */
		44DBF5592A50976400A71EE6 /* Frameworks */ = {
			isa = PBXFrameworksBuildPhase;
			buildActionMask = 2147483647;
			files = (
			);
			runOnlyForDeploymentPostprocessing = 0;
		};
/* End PBXFrameworksBuildPhase section */

/* Begin PBXGroup section */
		44DBF5532A50976400A71EE6 = {
			isa = PBXGroup;
			children = (
				44DBF55E2A50976400A71EE6 /* LittleLemonMetaCapstone */,
				44DBF55D2A50976400A71EE6 /* Products */,
			);
			sourceTree = "<group>";
		};
		44DBF55D2A50976400A71EE6 /* Products */ = {
			isa = PBXGroup;
			children = (
				44DBF55C2A50976400A71EE6 /* LittleLemonMetaCapstone.app */,
			);
			name = Products;
			sourceTree = "<group>";
		};
		44DBF55E2A50976400A71EE6 /* LittleLemonMetaCapstone */ = {
			isa = PBXGroup;
			children = (
				44DBF57E2A509DCB00A71EE6 /* Styles */,
				44DBF5752A509CC500A71EE6 /* Persisnance */,
				44DBF5742A509CBA00A71EE6 /* Models */,
				44DBF5732A509CB200A71EE6 /* ViewModels */,
				44DBF5722A509CA600A71EE6 /* Views */,
				44DBF55F2A50976400A71EE6 /* LittleLemonMetaCapstoneApp.swift */,
				44DBF5632A50976500A71EE6 /* Assets.xcassets */,
				44DBF5652A50976500A71EE6 /* Preview Content */,
			);
			path = LittleLemonMetaCapstone;
			sourceTree = "<group>";
		};
		44DBF5652A50976500A71EE6 /* Preview Content */ = {
			isa = PBXGroup;
			children = (
				44DBF5662A50976500A71EE6 /* Preview Assets.xcassets */,
			);
			path = "Preview Content";
			sourceTree = "<group>";
		};
		44DBF5722A509CA600A71EE6 /* Views */ = {
			isa = PBXGroup;
			children = (
				44DBF5612A50976400A71EE6 /* Onboarding.swift */,
				44DBF5782A509DA000A71EE6 /* Header.swift */,
				44DBF57A2A509DB200A71EE6 /* Hero.swift */,
				44DBF57C2A509DBA00A71EE6 /* Home.swift */,
				44DBF5812A509E3800A71EE6 /* UserProfile.swift */,
				44DBF5832A509EE200A71EE6 /* Menu.swift */,
				44DBF5872A50A00600A71EE6 /* FoodItem.swift */,
				44DBF5892A50A04700A71EE6 /* DetailItem.swift */,
			);
			path = Views;
			sourceTree = "<group>";
		};
		44DBF5732A509CB200A71EE6 /* ViewModels */ = {
			isa = PBXGroup;
			children = (
				44DBF5762A509CE100A71EE6 /* ViewModel.swift */,
			);
			path = ViewModels;
			sourceTree = "<group>";
		};
		44DBF5742A509CBA00A71EE6 /* Models */ = {
			isa = PBXGroup;
			children = (
			);
			path = Models;
			sourceTree = "<group>";
		};
		44DBF5752A509CC500A71EE6 /* Persisnance */ = {
			isa = PBXGroup;
			children = (
				44DBF5682A50976500A71EE6 /* Persistence.swift */,
				44DBF56A2A50976500A71EE6 /* LittleLemonMetaCapstone.xcdatamodeld */,
				44DBF5852A509FC600A71EE6 /* FetchedObject.swift */,
			);
			path = Persisnance;
			sourceTree = "<group>";
		};
		44DBF57E2A509DCB00A71EE6 /* Styles */ = {
			isa = PBXGroup;
			children = (
				44DBF57F2A509DE700A71EE6 /* Styles.swift */,
			);
			path = Styles;
			sourceTree = "<group>";
		};
/* End PBXGroup section */

/* Begin PBXNativeTarget section */
		44DBF55B2A50976400A71EE6 /* LittleLemonMetaCapstone */ = {
			isa = PBXNativeTarget;
			buildConfigurationList = 44DBF56F2A50976500A71EE6 /* Build configuration list for PBXNativeTarget "LittleLemonMetaCapstone" */;
			buildPhases = (
				44DBF5582A50976400A71EE6 /* Sources */,
				44DBF5592A50976400A71EE6 /* Frameworks */,
				44DBF55A2A50976400A71EE6 /* Resources */,
			);
			buildRules = (
			);
			dependencies = (
			);
			name = LittleLemonMetaCapstone;
			productName = LittleLemonMetaCapstone;
			productReference = 44DBF55C2A50976400A71EE6 /* LittleLemonMetaCapstone.app */;
			productType = "com.apple.product-type.application";
		};
/* End PBXNativeTarget section */

/* Begin PBXProject section */
		44DBF5542A50976400A71EE6 /* Project object */ = {
			isa = PBXProject;
			attributes = {
				BuildIndependentTargetsInParallel = 1;
				LastSwiftUpdateCheck = 1430;
				LastUpgradeCheck = 1430;
				TargetAttributes = {
					44DBF55B2A50976400A71EE6 = {
						CreatedOnToolsVersion = 14.3;
					};
				};
			};
			buildConfigurationList = 44DBF5572A50976400A71EE6 /* Build configuration list for PBXProject "LittleLemonMetaCapstone" */;
			compatibilityVersion = "Xcode 14.0";
			developmentRegion = en;
			hasScannedForEncodings = 0;
			knownRegions = (
				en,
				Base,
			);
			mainGroup = 44DBF5532A50976400A71EE6;
			productRefGroup = 44DBF55D2A50976400A71EE6 /* Products */;
			projectDirPath = "";
			projectRoot = "";
			targets = (
				44DBF55B2A50976400A71EE6 /* LittleLemonMetaCapstone */,
			);
		};
/* End PBXProject section */

/* Begin PBXResourcesBuildPhase section */
		44DBF55A2A50976400A71EE6 /* Resources */ = {
			isa = PBXResourcesBuildPhase;
			buildActionMask = 2147483647;
			files = (
				44DBF5672A50976500A71EE6 /* Preview Assets.xcassets in Resources */,
				44DBF5642A50976500A71EE6 /* Assets.xcassets in Resources */,
			);
			runOnlyForDeploymentPostprocessing = 0;
		};
/* End PBXResourcesBuildPhase section */

/* Begin PBXSourcesBuildPhase section */
		44DBF5582A50976400A71EE6 /* Sources */ = {
			isa = PBXSourcesBuildPhase;
			buildActionMask = 2147483647;
			files = (
				44DBF5862A509FC600A71EE6 /* FetchedObject.swift in Sources */,
				44DBF5802A509DE700A71EE6 /* Styles.swift in Sources */,
				44DBF5772A509CE100A71EE6 /* ViewModel.swift in Sources */,
				44DBF5822A509E3800A71EE6 /* UserProfile.swift in Sources */,
				44DBF5692A50976500A71EE6 /* Persistence.swift in Sources */,
				44DBF58A2A50A04700A71EE6 /* DetailItem.swift in Sources */,
				44DBF56C2A50976500A71EE6 /* LittleLemonMetaCapstone.xcdatamodeld in Sources */,
				44DBF5842A509EE200A71EE6 /* Menu.swift in Sources */,
				44DBF5622A50976400A71EE6 /* Onboarding.swift in Sources */,
				44DBF57B2A509DB200A71EE6 /* Hero.swift in Sources */,
				44DBF5882A50A00600A71EE6 /* FoodItem.swift in Sources */,
				44DBF5792A509DA000A71EE6 /* Header.swift in Sources */,
				44DBF57D2A509DBA00A71EE6 /* Home.swift in Sources */,
				44DBF5602A50976400A71EE6 /* LittleLemonMetaCapstoneApp.swift in Sources */,
			);
			runOnlyForDeploymentPostprocessing = 0;
		};
/* End PBXSourcesBuildPhase section */

/* Begin XCBuildConfiguration section */
		44DBF56D2A50976500A71EE6 /* Debug */ = {
			isa = XCBuildConfiguration;
			buildSettings = {
				ALWAYS_SEARCH_USER_PATHS = NO;
				CLANG_ANALYZER_NONNULL = YES;
				CLANG_ANALYZER_NUMBER_OBJECT_CONVERSION = YES_AGGRESSIVE;
				CLANG_CXX_LANGUAGE_STANDARD = "gnu++20";
				CLANG_ENABLE_MODULES = YES;
				CLANG_ENABLE_OBJC_ARC = YES;
				CLANG_ENABLE_OBJC_WEAK = YES;
				CLANG_WARN_BLOCK_CAPTURE_AUTORELEASING = YES;
				CLANG_WARN_BOOL_CONVERSION = YES;
				CLANG_WARN_COMMA = YES;
				CLANG_WARN_CONSTANT_CONVERSION = YES;
				CLANG_WARN_DEPRECATED_OBJC_IMPLEMENTATIONS = YES;
				CLANG_WARN_DIRECT_OBJC_ISA_USAGE = YES_ERROR;
				CLANG_WARN_DOCUMENTATION_COMMENTS = YES;
				CLANG_WARN_EMPTY_BODY = YES;
				CLANG_WARN_ENUM_CONVERSION = YES;
				CLANG_WARN_INFINITE_RECURSION = YES;
				CLANG_WARN_INT_CONVERSION = YES;
				CLANG_WARN_NON_LITERAL_NULL_CONVERSION = YES;
				CLANG_WARN_OBJC_IMPLICIT_RETAIN_SELF = YES;
				CLANG_WARN_OBJC_LITERAL_CONVERSION = YES;
				CLANG_WARN_OBJC_ROOT_CLASS = YES_ERROR;
				CLANG_WARN_QUOTED_INCLUDE_IN_FRAMEWORK_HEADER = YES;
				CLANG_WARN_RANGE_LOOP_ANALYSIS = YES;
				CLANG_WARN_STRICT_PROTOTYPES = YES;
				CLANG_WARN_SUSPICIOUS_MOVE = YES;
				CLANG_WARN_UNGUARDED_AVAILABILITY = YES_AGGRESSIVE;
				CLANG_WARN_UNREACHABLE_CODE = YES;
				CLANG_WARN__DUPLICATE_METHOD_MATCH = YES;
				COPY_PHASE_STRIP = NO;
				DEBUG_INFORMATION_FORMAT = dwarf;
				ENABLE_STRICT_OBJC_MSGSEND = YES;
				ENABLE_TESTABILITY = YES;
				GCC_C_LANGUAGE_STANDARD = gnu11;
				GCC_DYNAMIC_NO_PIC = NO;
				GCC_NO_COMMON_BLOCKS = YES;
				GCC_OPTIMIZATION_LEVEL = 0;
				GCC_PREPROCESSOR_DEFINITIONS = (
					"DEBUG=1",
					"$(inherited)",
				);
				GCC_WARN_64_TO_32_BIT_CONVERSION = YES;
				GCC_WARN_ABOUT_RETURN_TYPE = YES_ERROR;
				GCC_WARN_UNDECLARED_SELECTOR = YES;
				GCC_WARN_UNINITIALIZED_AUTOS = YES_AGGRESSIVE;
				GCC_WARN_UNUSED_FUNCTION = YES;
				GCC_WARN_UNUSED_VARIABLE = YES;
				IPHONEOS_DEPLOYMENT_TARGET = 16.4;
				MTL_ENABLE_DEBUG_INFO = INCLUDE_SOURCE;
				MTL_FAST_MATH = YES;
				ONLY_ACTIVE_ARCH = YES;
				SDKROOT = iphoneos;
				SWIFT_ACTIVE_COMPILATION_CONDITIONS = DEBUG;
				SWIFT_OPTIMIZATION_LEVEL = "-Onone";
			};
			name = Debug;
		};
		44DBF56E2A50976500A71EE6 /* Release */ = {
			isa = XCBuildConfiguration;
			buildSettings = {
				ALWAYS_SEARCH_USER_PATHS = NO;
				CLANG_ANALYZER_NONNULL = YES;
				CLANG_ANALYZER_NUMBER_OBJECT_CONVERSION = YES_AGGRESSIVE;
				CLANG_CXX_LANGUAGE_STANDARD = "gnu++20";
				CLANG_ENABLE_MODULES = YES;
				CLANG_ENABLE_OBJC_ARC = YES;
				CLANG_ENABLE_OBJC_WEAK = YES;
				CLANG_WARN_BLOCK_CAPTURE_AUTORELEASING = YES;
				CLANG_WARN_BOOL_CONVERSION = YES;
				CLANG_WARN_COMMA = YES;
				CLANG_WARN_CONSTANT_CONVERSION = YES;
				CLANG_WARN_DEPRECATED_OBJC_IMPLEMENTATIONS = YES;
				CLANG_WARN_DIRECT_OBJC_ISA_USAGE = YES_ERROR;
				CLANG_WARN_DOCUMENTATION_COMMENTS = YES;
				CLANG_WARN_EMPTY_BODY = YES;
				CLANG_WARN_ENUM_CONVERSION = YES;
				CLANG_WARN_INFINITE_RECURSION = YES;
				CLANG_WARN_INT_CONVERSION = YES;
				CLANG_WARN_NON_LITERAL_NULL_CONVERSION = YES;
				CLANG_WARN_OBJC_IMPLICIT_RETAIN_SELF = YES;
				CLANG_WARN_OBJC_LITERAL_CONVERSION = YES;
				CLANG_WARN_OBJC_ROOT_CLASS = YES_ERROR;
				CLANG_WARN_QUOTED_INCLUDE_IN_FRAMEWORK_HEADER = YES;
				CLANG_WARN_RANGE_LOOP_ANALYSIS = YES;
				CLANG_WARN_STRICT_PROTOTYPES = YES;
				CLANG_WARN_SUSPICIOUS_MOVE = YES;
				CLANG_WARN_UNGUARDED_AVAILABILITY = YES_AGGRESSIVE;
				CLANG_WARN_UNREACHABLE_CODE = YES;
				CLANG_WARN__DUPLICATE_METHOD_MATCH = YES;
				COPY_PHASE_STRIP = NO;
				DEBUG_INFORMATION_FORMAT = "dwarf-with-dsym";
				ENABLE_NS_ASSERTIONS = NO;
				ENABLE_STRICT_OBJC_MSGSEND = YES;
				GCC_C_LANGUAGE_STANDARD = gnu11;
				GCC_NO_COMMON_BLOCKS = YES;
				GCC_WARN_64_TO_32_BIT_CONVERSION = YES;
				GCC_WARN_ABOUT_RETURN_TYPE = YES_ERROR;
				GCC_WARN_UNDECLARED_SELECTOR = YES;
				GCC_WARN_UNINITIALIZED_AUTOS = YES_AGGRESSIVE;
				GCC_WARN_UNUSED_FUNCTION = YES;
				GCC_WARN_UNUSED_VARIABLE = YES;
				IPHONEOS_DEPLOYMENT_TARGET = 16.4;
				MTL_ENABLE_DEBUG_INFO = NO;
				MTL_FAST_MATH = YES;
				SDKROOT = iphoneos;
				SWIFT_COMPILATION_MODE = wholemodule;
				SWIFT_OPTIMIZATION_LEVEL = "-O";
				VALIDATE_PRODUCT = YES;
			};
			name = Release;
		};
		44DBF5702A50976500A71EE6 /* Debug */ = {
			isa = XCBuildConfiguration;
			buildSettings = {
				ASSETCATALOG_COMPILER_APPICON_NAME = AppIcon;
				ASSETCATALOG_COMPILER_GLOBAL_ACCENT_COLOR_NAME = AccentColor;
				CODE_SIGN_STYLE = Automatic;
				CURRENT_PROJECT_VERSION = 1;
				DEVELOPMENT_ASSET_PATHS = "\"LittleLemonMetaCapstone/Preview Content\"";
				DEVELOPMENT_TEAM = 3PN53MQP93;
				ENABLE_PREVIEWS = YES;
				GENERATE_INFOPLIST_FILE = YES;
				INFOPLIST_KEY_UIApplicationSceneManifest_Generation = YES;
				INFOPLIST_KEY_UIApplicationSupportsIndirectInputEvents = YES;
				INFOPLIST_KEY_UILaunchScreen_Generation = YES;
				INFOPLIST_KEY_UISupportedInterfaceOrientations_iPad = "UIInterfaceOrientationPortrait UIInterfaceOrientationPortraitUpsideDown UIInterfaceOrientationLandscapeLeft UIInterfaceOrientationLandscapeRight";
				INFOPLIST_KEY_UISupportedInterfaceOrientations_iPhone = "UIInterfaceOrientationPortrait UIInterfaceOrientationLandscapeLeft UIInterfaceOrientationLandscapeRight";
				LD_RUNPATH_SEARCH_PATHS = (
					"$(inherited)",
					"@executable_path/Frameworks",
				);
				MARKETING_VERSION = 1.0;
				PRODUCT_BUNDLE_IDENTIFIER = com.smakhtin.LittleLemonCapstone.LittleLemonMetaCapstone;
				PRODUCT_NAME = "$(TARGET_NAME)";
				SWIFT_EMIT_LOC_STRINGS = YES;
				SWIFT_VERSION = 5.0;
				TARGETED_DEVICE_FAMILY = "1,2";
			};
			name = Debug;
		};
		44DBF5712A50976500A71EE6 /* Release */ = {
			isa = XCBuildConfiguration;
			buildSettings = {
				ASSETCATALOG_COMPILER_APPICON_NAME = AppIcon;
				ASSETCATALOG_COMPILER_GLOBAL_ACCENT_COLOR_NAME = AccentColor;
				CODE_SIGN_STYLE = Automatic;
				CURRENT_PROJECT_VERSION = 1;
				DEVELOPMENT_ASSET_PATHS = "\"LittleLemonMetaCapstone/Preview Content\"";
				DEVELOPMENT_TEAM = 3PN53MQP93;
				ENABLE_PREVIEWS = YES;
				GENERATE_INFOPLIST_FILE = YES;
				INFOPLIST_KEY_UIApplicationSceneManifest_Generation = YES;
				INFOPLIST_KEY_UIApplicationSupportsIndirectInputEvents = YES;
				INFOPLIST_KEY_UILaunchScreen_Generation = YES;
				INFOPLIST_KEY_UISupportedInterfaceOrientations_iPad = "UIInterfaceOrientationPortrait UIInterfaceOrientationPortraitUpsideDown UIInterfaceOrientationLandscapeLeft UIInterfaceOrientationLandscapeRight";
				INFOPLIST_KEY_UISupportedInterfaceOrientations_iPhone = "UIInterfaceOrientationPortrait UIInterfaceOrientationLandscapeLeft UIInterfaceOrientationLandscapeRight";
				LD_RUNPATH_SEARCH_PATHS = (
					"$(inherited)",
					"@executable_path/Frameworks",
				);
				MARKETING_VERSION = 1.0;
				PRODUCT_BUNDLE_IDENTIFIER = com.smakhtin.LittleLemonCapstone.LittleLemonMetaCapstone;
				PRODUCT_NAME = "$(TARGET_NAME)";
				SWIFT_EMIT_LOC_STRINGS = YES;
				SWIFT_VERSION = 5.0;
				TARGETED_DEVICE_FAMILY = "1,2";
			};
			name = Release;
		};
/* End XCBuildConfiguration section */

/* Begin XCConfigurationList section */
		44DBF5572A50976400A71EE6 /* Build configuration list for PBXProject "LittleLemonMetaCapstone" */ = {
			isa = XCConfigurationList;
			buildConfigurations = (
				44DBF56D2A50976500A71EE6 /* Debug */,
				44DBF56E2A50976500A71EE6 /* Release */,
			);
			defaultConfigurationIsVisible = 0;
			defaultConfigurationName = Release;
		};
		44DBF56F2A50976500A71EE6 /* Build configuration list for PBXNativeTarget "LittleLemonMetaCapstone" */ = {
			isa = XCConfigurationList;
			buildConfigurations = (
				44DBF5702A50976500A71EE6 /* Debug */,
				44DBF5712A50976500A71EE6 /* Release */,
			);
			defaultConfigurationIsVisible = 0;
			defaultConfigurationName = Release;
		};
/* End XCConfigurationList section */

/* Begin XCVersionGroup section */
		44DBF56A2A50976500A71EE6 /* LittleLemonMetaCapstone.xcdatamodeld */ = {
			isa = XCVersionGroup;
			children = (
				44DBF56B2A50976500A71EE6 /* LittleLemonMetaCapstone.xcdatamodel */,
			);
			currentVersion = 44DBF56B2A50976500A71EE6 /* LittleLemonMetaCapstone.xcdatamodel */;
			path = LittleLemonMetaCapstone.xcdatamodeld;
			sourceTree = "<group>";
			versionGroupType = wrapper.xcdatamodel;
		};
/* End XCVersionGroup section */
	};
	rootObject = 44DBF5542A50976400A71EE6 /* Project object */;
}
